
Microsoft Visual Studio Solution File, Format Version 12.00
# Visual Studio Version 17
VisualStudioVersion = 17.7.34202.233
MinimumVisualStudioVersion = 10.0.40219.1
Project("{9A19103F-16F7-4668-BE54-9A1E7A4F7556}") = "BasicFileManagementAPI", "BasicFileManagementAPI\BasicFileManagementAPI.csproj", "{9BF10A2A-91C0-4921-86D0-8C376333A2B2}"
EndProject
Project("{00D1A9C2-B5F0-4AF3-8072-F6C62B433612}") = "BasicFileManagementDB", "BasicFileManagementDB\BasicFileManagementDB.sqlproj", "{ABC17B9B-9AAA-44F5-8C9A-DFA92F9AF17A}"
EndProject
Global
	GlobalSection(SolutionConfigurationPlatforms) = preSolution
		Debug|Any CPU = Debug|Any CPU
		Release|Any CPU = Release|Any CPU
	EndGlobalSection
	GlobalSection(ProjectConfigurationPlatforms) = postSolution
		{9BF10A2A-91C0-4921-86D0-8C376333A2B2}.Debug|Any CPU.ActiveCfg = Debug|Any CPU
		{9BF10A2A-91C0-4921-86D0-8C376333A2B2}.Debug|Any CPU.Build.0 = Debug|Any CPU
		{9BF10A2A-91C0-4921-86D0-8C376333A2B2}.Release|Any CPU.ActiveCfg = Release|Any CPU
		{9BF10A2A-91C0-4921-86D0-8C376333A2B2}.Release|Any CPU.Build.0 = Release|Any CPU
		{ABC17B9B-9AAA-44F5-8C9A-DFA92F9AF17A}.Debug|Any CPU.ActiveCfg = Debug|Any CPU
		{ABC17B9B-9AAA-44F5-8C9A-DFA92F9AF17A}.Debug|Any CPU.Build.0 = Debug|Any CPU
		{ABC17B9B-9AAA-44F5-8C9A-DFA92F9AF17A}.Debug|Any CPU.Deploy.0 = Debug|Any CPU
		{ABC17B9B-9AAA-44F5-8C9A-DFA92F9AF17A}.Release|Any CPU.ActiveCfg = Release|Any CPU
		{ABC17B9B-9AAA-44F5-8C9A-DFA92F9AF17A}.Release|Any CPU.Build.0 = Release|Any CPU
		{ABC17B9B-9AAA-44F5-8C9A-DFA92F9AF17A}.Release|Any CPU.Deploy.0 = Release|Any CPU
	EndGlobalSection
	GlobalSection(SolutionProperties) = preSolution
		HideSolutionNode = FALSE
	EndGlobalSection
	GlobalSection(ExtensibilityGlobals) = postSolution
		SolutionGuid = {62C7CBBA-63FE-4163-B893-4571EE620F8B}
	EndGlobalSection
EndGlobal
